
Microsoft Visual Studio Solution File, Format Version 12.00
# Visual Studio Version 18
VisualStudioVersion = 18.8.12023.21 stable
MinimumVisualStudioVersion = 10.0.40219.1
Project("{FAE04EC0-301F-11D3-BF4B-00C04F79EFBC}") = "SmartHopper.Core", "src\SmartHopper.Core\SmartHopper.Core.csproj", "{D4C6D3D5-2B3A-4B6C-8C3D-57B2D0D3C1E1}"
EndProject
Project("{FAE04EC0-301F-11D3-BF4B-00C04F79EFBC}") = "SmartHopper.Core.Grasshopper", "src\SmartHopper.Core.Grasshopper\SmartHopper.Core.Grasshopper.csproj", "{D5C6D3D5-2B3A-4B6C-8C3D-57B2D0D3C1E5}"
EndProject
Project("{FAE04EC0-301F-11D3-BF4B-00C04F79EFBC}") = "SmartHopper.Components", "src\SmartHopper.Components\SmartHopper.Components.csproj", "{60732624-037C-4D6D-BC4C-588A0C25C338}"
EndProject
Project("{FAE04EC0-301F-11D3-BF4B-00C04F79EFBC}") = "SmartHopper.Infrastructure", "src\SmartHopper.Infrastructure\SmartHopper.Infrastructure.csproj", "{A932CFFA-0C82-4A1F-92F2-003CDE1C94AC}"
EndProject
Project("{FAE04EC0-301F-11D3-BF4B-00C04F79EFBC}") = "SmartHopper.Menu", "src\SmartHopper.Menu\SmartHopper.Menu.csproj", "{B932CFFA-0C82-4A1F-92F2-003CDE1C94AD}"
EndProject
Project("{FAE04EC0-301F-11D3-BF4B-00C04F79EFBC}") = "SmartHopper.Components.Test", "src\SmartHopper.Components.Test\SmartHopper.Components.Test.csproj", "{B932CFFA-0C82-4A1F-92F2-003CDE1C94AE}"
EndProject
Project("{FAE04EC0-301F-11D3-BF4B-00C04F79EFBC}") = "SmartHopper.Providers.MistralAI", "src\SmartHopper.Providers.MistralAI\SmartHopper.Providers.MistralAI.csproj", "{F2063A0F-FDF2-4AD2-8C92-1E374B991752}"
EndProject
Project("{FAE04EC0-301F-11D3-BF4B-00C04F79EFBC}") = "SmartHopper.Providers.OpenAI", "src\SmartHopper.Providers.OpenAI\SmartHopper.Providers.OpenAI.csproj", "{087FFA5E-1049-459D-9C68-1C0B8E7F9EBC}"
EndProject
Project("{FAE04EC0-301F-11D3-BF4B-00C04F79EFBC}") = "SmartHopper.Providers.Gemini", "src\SmartHopper.Providers.Gemini\SmartHopper.Providers.Gemini.csproj", "{9F3D2E4A-5B6C-4D7E-8F9A-1B2C3D4E5F6A}"
EndProject
Project("{FAE04EC0-301F-11D3-BF4B-00C04F79EFBC}") = "SmartHopper.Infrastructure.Tests", "src\SmartHopper.Infrastructure.Tests\SmartHopper.Infrastructure.Tests.csproj", "{469B4BA9-C2CB-4270-8896-0F04DAF67887}"
EndProject
Project("{2150E333-8FDC-42A3-9474-1A3956D46DE8}") = "src", "src", "{827E0CD3-B72D-47B6-A68D-7590B98EB39B}"
EndProject
Project("{FAE04EC0-301F-11D3-BF4B-00C04F79EFBC}") = "SmartHopper.Providers.DeepSeek", "src\SmartHopper.Providers.DeepSeek\SmartHopper.Providers.DeepSeek.csproj", "{D31727FC-90E8-4F17-AD1F-F7FE9F79616A}"
EndProject
Project("{FAE04EC0-301F-11D3-BF4B-00C04F79EFBC}") = "SmartHopper.Providers.Anthropic", "src\SmartHopper.Providers.Anthropic\SmartHopper.Providers.Anthropic.csproj", "{F72711F8-7CC4-46B4-9F94-368ECE62FAAA}"
EndProject
Project("{FAE04EC0-301F-11D3-BF4B-00C04F79EFBC}") = "SmartHopper.Providers.OpenRouter", "src\SmartHopper.Providers.OpenRouter\SmartHopper.Providers.OpenRouter.csproj", "{B7B03DDF-7342-9BBA-E63A-8B911F79F8F3}"
EndProject
Project("{FAE04EC0-301F-11D3-BF4B-00C04F79EFBC}") = "SmartHopper.Core.Grasshopper.Tests", "src\SmartHopper.Core.Grasshopper.Tests\SmartHopper.Core.Grasshopper.Tests.csproj", "{56E24C95-ADF6-4DBA-BDB7-73CFB1291052}"
EndProject
Project("{FAE04EC0-301F-11D3-BF4B-00C04F79EFBC}") = "SmartHopper.Core.Tests", "src\SmartHopper.Core.Tests\SmartHopper.Core.Tests.csproj", "{C7E24C95-ADF6-4DBA-BDB7-73CFB1291053}"
EndProject
Project("{FAE04EC0-301F-11D3-BF4B-00C04F79EFBC}") = "SmartHopper.ProviderSdk", "src\SmartHopper.ProviderSdk\SmartHopper.ProviderSdk.csproj", "{F59F33CC-DCD6-4EEE-9766-6E3C08E8AD43}"
EndProject
Project("{FAE04EC0-301F-11D3-BF4B-00C04F79EFBC}") = "SmartHopper.ProviderSdk.Tests", "src\SmartHopper.ProviderSdk.Tests\SmartHopper.ProviderSdk.Tests.csproj", "{65EB1E04-E30E-4708-B413-51A22FECBD9E}"
EndProject
		{CBBB20C6-CE06-4EE7-A798-70CB83D88EB4}.Debug|Any CPU.ActiveCfg = Debug|Any CPU
		{CBBB20C6-CE06-4EE7-A798-70CB83D88EB4}.Debug|Any CPU.Build.0 = Debug|Any CPU
		{CBBB20C6-CE06-4EE7-A798-70CB83D88EB4}.Debug|x64.ActiveCfg = Debug|Any CPU
		{CBBB20C6-CE06-4EE7-A798-70CB83D88EB4}.Debug|x64.Build.0 = Debug|Any CPU
		{CBBB20C6-CE06-4EE7-A798-70CB83D88EB4}.Debug|x86.ActiveCfg = Debug|Any CPU
		{CBBB20C6-CE06-4EE7-A798-70CB83D88EB4}.Debug|x86.Build.0 = Debug|Any CPU
		{CBBB20C6-CE06-4EE7-A798-70CB83D88EB4}.Release|Any CPU.ActiveCfg = Release|Any CPU
		{CBBB20C6-CE06-4EE7-A798-70CB83D88EB4}.Release|Any CPU.Build.0 = Release|Any CPU
		{CBBB20C6-CE06-4EE7-A798-70CB83D88EB4}.Release|x64.ActiveCfg = Release|Any CPU
		{CBBB20C6-CE06-4EE7-A798-70CB83D88EB4}.Release|x64.Build.0 = Release|Any CPU
		{CBBB20C6-CE06-4EE7-A798-70CB83D88EB4}.Release|x86.ActiveCfg = Release|Any CPU
		{CBBB20C6-CE06-4EE7-A798-70CB83D88EB4}.Release|x86.Build.0 = Release|Any CPU
		{E9280136-51DA-465A-8625-5E2C064D9946}.Debug|Any CPU.ActiveCfg = Debug|Any CPU
		{E9280136-51DA-465A-8625-5E2C064D9946}.Debug|Any CPU.Build.0 = Debug|Any CPU
		{E9280136-51DA-465A-8625-5E2C064D9946}.Debug|x64.ActiveCfg = Debug|Any CPU
		{E9280136-51DA-465A-8625-5E2C064D9946}.Debug|x64.Build.0 = Debug|Any CPU
		{E9280136-51DA-465A-8625-5E2C064D9946}.Debug|x86.ActiveCfg = Debug|Any CPU
		{E9280136-51DA-465A-8625-5E2C064D9946}.Debug|x86.Build.0 = Debug|Any CPU
		{E9280136-51DA-465A-8625-5E2C064D9946}.Release|Any CPU.ActiveCfg = Release|Any CPU
		{E9280136-51DA-465A-8625-5E2C064D9946}.Release|Any CPU.Build.0 = Release|Any CPU
		{E9280136-51DA-465A-8625-5E2C064D9946}.Release|x64.ActiveCfg = Release|Any CPU
		{E9280136-51DA-465A-8625-5E2C064D9946}.Release|x64.Build.0 = Release|Any CPU
		{E9280136-51DA-465A-8625-5E2C064D9946}.Release|x86.ActiveCfg = Release|Any CPU
		{E9280136-51DA-465A-8625-5E2C064D9946}.Release|x86.Build.0 = Release|Any CPU
	EndGlobalSection
	GlobalSection(SolutionProperties) = preSolution
		HideSolutionNode = FALSE
	EndGlobalSection
	GlobalSection(NestedProjects) = preSolution
		{65EB1E04-E30E-4708-B413-51A22FECBD9E} = {827E0CD3-B72D-47B6-A68D-7590B98EB39B}
	EndGlobalSection
	GlobalSection(ExtensibilityGlobals) = postSolution
		SolutionGuid = {0D5011CB-B808-41E4-A6FC-C01F3190649C}
	EndGlobalSection
EndGlobal
