
Microsoft Visual Studio Solution File, Format Version 12.00
# Visual Studio Version 17
VisualStudioVersion = 17.0.31903.59
MinimumVisualStudioVersion = 10.0.40219.1
Project("{FAE04EC0-301F-11D3-BF4B-00C04F79EFBC}") = "SmartHopper.Core", "src\SmartHopper.Core\SmartHopper.Core.csproj", "{D4C6D3D5-2B3A-4B6C-8C3D-57B2D0D3C1E1}"
EndProject
Project("{FAE04EC0-301F-11D3-BF4B-00C04F79EFBC}") = "SmartHopper.Core.Grasshopper", "src\SmartHopper.Core.Grasshopper\SmartHopper.Core.Grasshopper.csproj", "{D5C6D3D5-2B3A-4B6C-8C3D-57B2D0D3C1E5}"
EndProject
Project("{FAE04EC0-301F-11D3-BF4B-00C04F79EFBC}") = "SmartHopper.Components", "src\SmartHopper.Components\SmartHopper.Components.csproj", "{60732624-037C-4D6D-BC4C-588A0C25C338}"
EndProject
Project("{FAE04EC0-301F-11D3-BF4B-00C04F79EFBC}") = "SmartHopper.Config", "src\SmartHopper.Config\SmartHopper.Config.csproj", "{A932CFFA-0C82-4A1F-92F2-003CDE1C94AC}"
EndProject
Project("{FAE04EC0-301F-11D3-BF4B-00C04F79EFBC}") = "SmartHopper.Menu", "src\SmartHopper.Menu\SmartHopper.Menu.csproj", "{B932CFFA-0C82-4A1F-92F2-003CDE1C94AD}"
EndProject
Project("{FAE04EC0-301F-11D3-BF4B-00C04F79EFBC}") = "SmartHopper.Components.Test", "src\SmartHopper.Components.Test\SmartHopper.Components.Test.csproj", "{B932CFFA-0C82-4A1F-92F2-003CDE1C94AE}"
EndProject
Project("{FAE04EC0-301F-11D3-BF4B-00C04F79EFBC}") = "SmartHopper.Providers.MistralAI", "src\SmartHopper.Providers.MistralAI\SmartHopper.Providers.MistralAI.csproj", "{F2063A0F-FDF2-4AD2-8C92-1E374B991752}"
EndProject
Project("{FAE04EC0-301F-11D3-BF4B-00C04F79EFBC}") = "SmartHopper.Providers.OpenAI", "src\SmartHopper.Providers.OpenAI\SmartHopper.Providers.OpenAI.csproj", "{087FFA5E-1049-459D-9C68-1C0B8E7F9EBC}"
EndProject
Project("{2150E333-8FDC-42A3-9474-1A3956D46DE8}") = "src", "src", "{827E0CD3-B72D-47B6-A68D-7590B98EB39B}"
EndProject
Project("{FAE04EC0-301F-11D3-BF4B-00C04F79EFBC}") = "SmartHopper.Config.Tests", "src\SmartHopper.Config.Tests\SmartHopper.Config.Tests.csproj", "{469B4BA9-C2CB-4270-8896-0F04DAF67887}"
EndProject
Global
	GlobalSection(SolutionConfigurationPlatforms) = preSolution
		Debug|Any CPU = Debug|Any CPU
		Debug|x64 = Debug|x64
		Debug|x86 = Debug|x86
		Release|Any CPU = Release|Any CPU
		Release|x64 = Release|x64
		Release|x86 = Release|x86
	EndGlobalSection
	GlobalSection(ProjectConfigurationPlatforms) = postSolution
		{D4C6D3D5-2B3A-4B6C-8C3D-57B2D0D3C1E1}.Debug|Any CPU.ActiveCfg = Debug|Any CPU
		{D4C6D3D5-2B3A-4B6C-8C3D-57B2D0D3C1E1}.Debug|Any CPU.Build.0 = Debug|Any CPU
		{D4C6D3D5-2B3A-4B6C-8C3D-57B2D0D3C1E1}.Debug|x64.ActiveCfg = Debug|Any CPU
		{D4C6D3D5-2B3A-4B6C-8C3D-57B2D0D3C1E1}.Debug|x64.Build.0 = Debug|Any CPU
		{D4C6D3D5-2B3A-4B6C-8C3D-57B2D0D3C1E1}.Debug|x86.ActiveCfg = Debug|Any CPU
		{D4C6D3D5-2B3A-4B6C-8C3D-57B2D0D3C1E1}.Debug|x86.Build.0 = Debug|Any CPU
		{D4C6D3D5-2B3A-4B6C-8C3D-57B2D0D3C1E1}.Release|Any CPU.ActiveCfg = Release|Any CPU
		{D4C6D3D5-2B3A-4B6C-8C3D-57B2D0D3C1E1}.Release|Any CPU.Build.0 = Release|Any CPU
		{D4C6D3D5-2B3A-4B6C-8C3D-57B2D0D3C1E1}.Release|x64.ActiveCfg = Release|Any CPU
		{D4C6D3D5-2B3A-4B6C-8C3D-57B2D0D3C1E1}.Release|x64.Build.0 = Release|Any CPU
		{D4C6D3D5-2B3A-4B6C-8C3D-57B2D0D3C1E1}.Release|x86.ActiveCfg = Release|Any CPU
		{D4C6D3D5-2B3A-4B6C-8C3D-57B2D0D3C1E1}.Release|x86.Build.0 = Release|Any CPU
		{D5C6D3D5-2B3A-4B6C-8C3D-57B2D0D3C1E5}.Debug|Any CPU.ActiveCfg = Debug|Any CPU
		{D5C6D3D5-2B3A-4B6C-8C3D-57B2D0D3C1E5}.Debug|Any CPU.Build.0 = Debug|Any CPU
		{D5C6D3D5-2B3A-4B6C-8C3D-57B2D0D3C1E5}.Debug|x64.ActiveCfg = Debug|Any CPU
		{D5C6D3D5-2B3A-4B6C-8C3D-57B2D0D3C1E5}.Debug|x64.Build.0 = Debug|Any CPU
		{D5C6D3D5-2B3A-4B6C-8C3D-57B2D0D3C1E5}.Debug|x86.ActiveCfg = Debug|Any CPU
		{D5C6D3D5-2B3A-4B6C-8C3D-57B2D0D3C1E5}.Debug|x86.Build.0 = Debug|Any CPU
		{D5C6D3D5-2B3A-4B6C-8C3D-57B2D0D3C1E5}.Release|Any CPU.ActiveCfg = Release|Any CPU
		{D5C6D3D5-2B3A-4B6C-8C3D-57B2D0D3C1E5}.Release|Any CPU.Build.0 = Release|Any CPU
		{D5C6D3D5-2B3A-4B6C-8C3D-57B2D0D3C1E5}.Release|x64.ActiveCfg = Release|Any CPU
		{D5C6D3D5-2B3A-4B6C-8C3D-57B2D0D3C1E5}.Release|x64.Build.0 = Release|Any CPU
		{D5C6D3D5-2B3A-4B6C-8C3D-57B2D0D3C1E5}.Release|x86.ActiveCfg = Release|Any CPU
		{D5C6D3D5-2B3A-4B6C-8C3D-57B2D0D3C1E5}.Release|x86.Build.0 = Release|Any CPU
		{60732624-037C-4D6D-BC4C-588A0C25C338}.Debug|Any CPU.ActiveCfg = Debug|Any CPU
		{60732624-037C-4D6D-BC4C-588A0C25C338}.Debug|Any CPU.Build.0 = Debug|Any CPU
		{60732624-037C-4D6D-BC4C-588A0C25C338}.Debug|x64.ActiveCfg = Debug|Any CPU
		{60732624-037C-4D6D-BC4C-588A0C25C338}.Debug|x64.Build.0 = Debug|Any CPU
		{60732624-037C-4D6D-BC4C-588A0C25C338}.Debug|x86.ActiveCfg = Debug|Any CPU
		{60732624-037C-4D6D-BC4C-588A0C25C338}.Debug|x86.Build.0 = Debug|Any CPU
		{60732624-037C-4D6D-BC4C-588A0C25C338}.Release|Any CPU.ActiveCfg = Release|Any CPU
		{60732624-037C-4D6D-BC4C-588A0C25C338}.Release|Any CPU.Build.0 = Release|Any CPU
		{60732624-037C-4D6D-BC4C-588A0C25C338}.Release|x64.ActiveCfg = Release|Any CPU
		{60732624-037C-4D6D-BC4C-588A0C25C338}.Release|x64.Build.0 = Release|Any CPU
		{60732624-037C-4D6D-BC4C-588A0C25C338}.Release|x86.ActiveCfg = Release|Any CPU
		{60732624-037C-4D6D-BC4C-588A0C25C338}.Release|x86.Build.0 = Release|Any CPU
		{A932CFFA-0C82-4A1F-92F2-003CDE1C94AC}.Debug|Any CPU.ActiveCfg = Debug|Any CPU
		{A932CFFA-0C82-4A1F-92F2-003CDE1C94AC}.Debug|Any CPU.Build.0 = Debug|Any CPU
		{A932CFFA-0C82-4A1F-92F2-003CDE1C94AC}.Debug|x64.ActiveCfg = Debug|Any CPU
		{A932CFFA-0C82-4A1F-92F2-003CDE1C94AC}.Debug|x64.Build.0 = Debug|Any CPU
		{A932CFFA-0C82-4A1F-92F2-003CDE1C94AC}.Debug|x86.ActiveCfg = Debug|Any CPU
		{A932CFFA-0C82-4A1F-92F2-003CDE1C94AC}.Debug|x86.Build.0 = Debug|Any CPU
		{A932CFFA-0C82-4A1F-92F2-003CDE1C94AC}.Release|Any CPU.ActiveCfg = Release|Any CPU
		{A932CFFA-0C82-4A1F-92F2-003CDE1C94AC}.Release|Any CPU.Build.0 = Release|Any CPU
		{A932CFFA-0C82-4A1F-92F2-003CDE1C94AC}.Release|x64.ActiveCfg = Release|Any CPU
		{A932CFFA-0C82-4A1F-92F2-003CDE1C94AC}.Release|x64.Build.0 = Release|Any CPU
		{A932CFFA-0C82-4A1F-92F2-003CDE1C94AC}.Release|x86.ActiveCfg = Release|Any CPU
		{A932CFFA-0C82-4A1F-92F2-003CDE1C94AC}.Release|x86.Build.0 = Release|Any CPU
		{B932CFFA-0C82-4A1F-92F2-003CDE1C94AD}.Debug|Any CPU.ActiveCfg = Debug|Any CPU
		{B932CFFA-0C82-4A1F-92F2-003CDE1C94AD}.Debug|Any CPU.Build.0 = Debug|Any CPU
		{B932CFFA-0C82-4A1F-92F2-003CDE1C94AD}.Debug|x64.ActiveCfg = Debug|Any CPU
		{B932CFFA-0C82-4A1F-92F2-003CDE1C94AD}.Debug|x64.Build.0 = Debug|Any CPU
		{B932CFFA-0C82-4A1F-92F2-003CDE1C94AD}.Debug|x86.ActiveCfg = Debug|Any CPU
		{B932CFFA-0C82-4A1F-92F2-003CDE1C94AD}.Debug|x86.Build.0 = Debug|Any CPU
		{B932CFFA-0C82-4A1F-92F2-003CDE1C94AD}.Release|Any CPU.ActiveCfg = Release|Any CPU
		{B932CFFA-0C82-4A1F-92F2-003CDE1C94AD}.Release|Any CPU.Build.0 = Release|Any CPU
		{B932CFFA-0C82-4A1F-92F2-003CDE1C94AD}.Release|x64.ActiveCfg = Release|Any CPU
		{B932CFFA-0C82-4A1F-92F2-003CDE1C94AD}.Release|x64.Build.0 = Release|Any CPU
		{B932CFFA-0C82-4A1F-92F2-003CDE1C94AD}.Release|x86.ActiveCfg = Release|Any CPU
		{B932CFFA-0C82-4A1F-92F2-003CDE1C94AD}.Release|x86.Build.0 = Release|Any CPU
		{B932CFFA-0C82-4A1F-92F2-003CDE1C94AE}.Debug|Any CPU.ActiveCfg = Debug|Any CPU
		{B932CFFA-0C82-4A1F-92F2-003CDE1C94AE}.Debug|Any CPU.Build.0 = Debug|Any CPU
		{B932CFFA-0C82-4A1F-92F2-003CDE1C94AE}.Debug|x64.ActiveCfg = Debug|Any CPU
		{B932CFFA-0C82-4A1F-92F2-003CDE1C94AE}.Debug|x64.Build.0 = Debug|Any CPU
		{B932CFFA-0C82-4A1F-92F2-003CDE1C94AE}.Debug|x86.ActiveCfg = Debug|Any CPU
		{B932CFFA-0C82-4A1F-92F2-003CDE1C94AE}.Debug|x86.Build.0 = Debug|Any CPU
		{B932CFFA-0C82-4A1F-92F2-003CDE1C94AE}.Release|Any CPU.ActiveCfg = Release|Any CPU
		{B932CFFA-0C82-4A1F-92F2-003CDE1C94AE}.Release|x64.ActiveCfg = Release|Any CPU
		{B932CFFA-0C82-4A1F-92F2-003CDE1C94AE}.Release|x64.Build.0 = Release|Any CPU
		{B932CFFA-0C82-4A1F-92F2-003CDE1C94AE}.Release|x86.ActiveCfg = Release|Any CPU
		{B932CFFA-0C82-4A1F-92F2-003CDE1C94AE}.Release|x86.Build.0 = Release|Any CPU
		{F2063A0F-FDF2-4AD2-8C92-1E374B991752}.Debug|Any CPU.ActiveCfg = Debug|Any CPU
		{F2063A0F-FDF2-4AD2-8C92-1E374B991752}.Debug|Any CPU.Build.0 = Debug|Any CPU
		{F2063A0F-FDF2-4AD2-8C92-1E374B991752}.Debug|x64.ActiveCfg = Debug|Any CPU
		{F2063A0F-FDF2-4AD2-8C92-1E374B991752}.Debug|x64.Build.0 = Debug|Any CPU
		{F2063A0F-FDF2-4AD2-8C92-1E374B991752}.Debug|x86.ActiveCfg = Debug|Any CPU
		{F2063A0F-FDF2-4AD2-8C92-1E374B991752}.Debug|x86.Build.0 = Debug|Any CPU
		{F2063A0F-FDF2-4AD2-8C92-1E374B991752}.Release|Any CPU.ActiveCfg = Release|Any CPU
		{F2063A0F-FDF2-4AD2-8C92-1E374B991752}.Release|Any CPU.Build.0 = Release|Any CPU
		{F2063A0F-FDF2-4AD2-8C92-1E374B991752}.Release|x64.ActiveCfg = Release|Any CPU
		{F2063A0F-FDF2-4AD2-8C92-1E374B991752}.Release|x64.Build.0 = Release|Any CPU
		{F2063A0F-FDF2-4AD2-8C92-1E374B991752}.Release|x86.ActiveCfg = Release|Any CPU
		{F2063A0F-FDF2-4AD2-8C92-1E374B991752}.Release|x86.Build.0 = Release|Any CPU
		{087FFA5E-1049-459D-9C68-1C0B8E7F9EBC}.Debug|Any CPU.ActiveCfg = Debug|Any CPU
		{087FFA5E-1049-459D-9C68-1C0B8E7F9EBC}.Debug|Any CPU.Build.0 = Debug|Any CPU
		{087FFA5E-1049-459D-9C68-1C0B8E7F9EBC}.Debug|x64.ActiveCfg = Debug|Any CPU
		{087FFA5E-1049-459D-9C68-1C0B8E7F9EBC}.Debug|x64.Build.0 = Debug|Any CPU
		{087FFA5E-1049-459D-9C68-1C0B8E7F9EBC}.Debug|x86.ActiveCfg = Debug|Any CPU
		{087FFA5E-1049-459D-9C68-1C0B8E7F9EBC}.Debug|x86.Build.0 = Debug|Any CPU
		{087FFA5E-1049-459D-9C68-1C0B8E7F9EBC}.Release|Any CPU.ActiveCfg = Release|Any CPU
		{087FFA5E-1049-459D-9C68-1C0B8E7F9EBC}.Release|Any CPU.Build.0 = Release|Any CPU
		{087FFA5E-1049-459D-9C68-1C0B8E7F9EBC}.Release|x64.ActiveCfg = Release|Any CPU
		{087FFA5E-1049-459D-9C68-1C0B8E7F9EBC}.Release|x64.Build.0 = Release|Any CPU
		{087FFA5E-1049-459D-9C68-1C0B8E7F9EBC}.Release|x86.ActiveCfg = Release|Any CPU
		{087FFA5E-1049-459D-9C68-1C0B8E7F9EBC}.Release|x86.Build.0 = Release|Any CPU
		{469B4BA9-C2CB-4270-8896-0F04DAF67887}.Debug|Any CPU.ActiveCfg = Debug|Any CPU
		{469B4BA9-C2CB-4270-8896-0F04DAF67887}.Debug|Any CPU.Build.0 = Debug|Any CPU
		{469B4BA9-C2CB-4270-8896-0F04DAF67887}.Debug|x64.ActiveCfg = Debug|Any CPU
		{469B4BA9-C2CB-4270-8896-0F04DAF67887}.Debug|x64.Build.0 = Debug|Any CPU
		{469B4BA9-C2CB-4270-8896-0F04DAF67887}.Debug|x86.ActiveCfg = Debug|Any CPU
		{469B4BA9-C2CB-4270-8896-0F04DAF67887}.Debug|x86.Build.0 = Debug|Any CPU
		{469B4BA9-C2CB-4270-8896-0F04DAF67887}.Release|Any CPU.ActiveCfg = Release|Any CPU
		{469B4BA9-C2CB-4270-8896-0F04DAF67887}.Release|Any CPU.Build.0 = Release|Any CPU
		{469B4BA9-C2CB-4270-8896-0F04DAF67887}.Release|x64.ActiveCfg = Release|Any CPU
		{469B4BA9-C2CB-4270-8896-0F04DAF67887}.Release|x64.Build.0 = Release|Any CPU
		{469B4BA9-C2CB-4270-8896-0F04DAF67887}.Release|x86.ActiveCfg = Release|Any CPU
		{469B4BA9-C2CB-4270-8896-0F04DAF67887}.Release|x86.Build.0 = Release|Any CPU
	EndGlobalSection
	GlobalSection(SolutionProperties) = preSolution
		HideSolutionNode = FALSE
	EndGlobalSection
	GlobalSection(NestedProjects) = preSolution
		{469B4BA9-C2CB-4270-8896-0F04DAF67887} = {827E0CD3-B72D-47B6-A68D-7590B98EB39B}
	EndGlobalSection
	GlobalSection(ExtensibilityGlobals) = postSolution
		SolutionGuid = {0D5011CB-B808-41E4-A6FC-C01F3190649C}
	EndGlobalSection
EndGlobal
